// !$*UTF8*$!
{
	archiveVersion = 1;
	classes = {
	};
	objectVersion = 50;
	objects = {

/* Begin PBXBuildFile section */
		8A5198F5231ECA6A0053FED4 /* AppDelegate.swift in Sources */ = {isa = PBXBuildFile; fileRef = 8A5198F4231ECA6A0053FED4 /* AppDelegate.swift */; };
		8A5198F7231ECA6A0053FED4 /* SceneDelegate.swift in Sources */ = {isa = PBXBuildFile; fileRef = 8A5198F6231ECA6A0053FED4 /* SceneDelegate.swift */; };
		8A5198F9231ECA6A0053FED4 /* ContentView.swift in Sources */ = {isa = PBXBuildFile; fileRef = 8A5198F8231ECA6A0053FED4 /* ContentView.swift */; };
		8A5198FB231ECA6A0053FED4 /* Assets.xcassets in Resources */ = {isa = PBXBuildFile; fileRef = 8A5198FA231ECA6A0053FED4 /* Assets.xcassets */; };
		8A5198FE231ECA6B0053FED4 /* Preview Assets.xcassets in Resources */ = {isa = PBXBuildFile; fileRef = 8A5198FD231ECA6A0053FED4 /* Preview Assets.xcassets */; };
		8A519901231ECA6B0053FED4 /* LaunchScreen.storyboard in Resources */ = {isa = PBXBuildFile; fileRef = 8A5198FF231ECA6B0053FED4 /* LaunchScreen.storyboard */; };
		8A51990C231F0A360053FED4 /* Typography.swift in Sources */ = {isa = PBXBuildFile; fileRef = 8A51990B231F0A360053FED4 /* Typography.swift */; };
		8A51990E231F28710053FED4 /* ColorPalette.xcassets in Resources */ = {isa = PBXBuildFile; fileRef = 8A51990D231F28710053FED4 /* ColorPalette.xcassets */; };
		8A519910231F29990053FED4 /* ColorPalatte.swift in Sources */ = {isa = PBXBuildFile; fileRef = 8A51990F231F29990053FED4 /* ColorPalatte.swift */; };
		8A519912231FF0A30053FED4 /* Button.swift in Sources */ = {isa = PBXBuildFile; fileRef = 8A519911231FF0A30053FED4 /* Button.swift */; };
		8A519915231FFA7A0053FED4 /* AliasHelper.swift in Sources */ = {isa = PBXBuildFile; fileRef = 8A519914231FFA7A0053FED4 /* AliasHelper.swift */; };
		8A519917231FFEDC0053FED4 /* CircleIcon.xcassets in Resources */ = {isa = PBXBuildFile; fileRef = 8A519916231FFEDC0053FED4 /* CircleIcon.xcassets */; };
		8A519919231FFFD80053FED4 /* Icon.xcassets in Resources */ = {isa = PBXBuildFile; fileRef = 8A519918231FFFD80053FED4 /* Icon.xcassets */; };
/* End PBXBuildFile section */

/* Begin PBXFileReference section */
		8A5198F1231ECA6A0053FED4 /* swiftui-design-system-demo.app */ = {isa = PBXFileReference; explicitFileType = wrapper.application; includeInIndex = 0; path = "swiftui-design-system-demo.app"; sourceTree = BUILT_PRODUCTS_DIR; };
		8A5198F4231ECA6A0053FED4 /* AppDelegate.swift */ = {isa = PBXFileReference; lastKnownFileType = sourcecode.swift; path = AppDelegate.swift; sourceTree = "<group>"; };
		8A5198F6231ECA6A0053FED4 /* SceneDelegate.swift */ = {isa = PBXFileReference; lastKnownFileType = sourcecode.swift; path = SceneDelegate.swift; sourceTree = "<group>"; };
		8A5198F8231ECA6A0053FED4 /* ContentView.swift */ = {isa = PBXFileReference; lastKnownFileType = sourcecode.swift; path = ContentView.swift; sourceTree = "<group>"; };
		8A5198FA231ECA6A0053FED4 /* Assets.xcassets */ = {isa = PBXFileReference; lastKnownFileType = folder.assetcatalog; path = Assets.xcassets; sourceTree = "<group>"; };
		8A5198FD231ECA6A0053FED4 /* Preview Assets.xcassets */ = {isa = PBXFileReference; lastKnownFileType = folder.assetcatalog; path = "Preview Assets.xcassets"; sourceTree = "<group>"; };
		8A519900231ECA6B0053FED4 /* Base */ = {isa = PBXFileReference; lastKnownFileType = file.storyboard; name = Base; path = Base.lproj/LaunchScreen.storyboard; sourceTree = "<group>"; };
		8A519902231ECA6B0053FED4 /* Info.plist */ = {isa = PBXFileReference; lastKnownFileType = text.plist.xml; path = Info.plist; sourceTree = "<group>"; };
		8A51990B231F0A360053FED4 /* Typography.swift */ = {isa = PBXFileReference; lastKnownFileType = sourcecode.swift; path = Typography.swift; sourceTree = "<group>"; };
		8A51990D231F28710053FED4 /* ColorPalette.xcassets */ = {isa = PBXFileReference; lastKnownFileType = folder.assetcatalog; path = ColorPalette.xcassets; sourceTree = "<group>"; };
		8A51990F231F29990053FED4 /* ColorPalatte.swift */ = {isa = PBXFileReference; lastKnownFileType = sourcecode.swift; path = ColorPalatte.swift; sourceTree = "<group>"; };
		8A519911231FF0A30053FED4 /* Button.swift */ = {isa = PBXFileReference; lastKnownFileType = sourcecode.swift; path = Button.swift; sourceTree = "<group>"; };
		8A519914231FFA7A0053FED4 /* AliasHelper.swift */ = {isa = PBXFileReference; lastKnownFileType = sourcecode.swift; path = AliasHelper.swift; sourceTree = "<group>"; };
		8A519916231FFEDC0053FED4 /* CircleIcon.xcassets */ = {isa = PBXFileReference; lastKnownFileType = folder.assetcatalog; path = CircleIcon.xcassets; sourceTree = "<group>"; };
		8A519918231FFFD80053FED4 /* Icon.xcassets */ = {isa = PBXFileReference; lastKnownFileType = folder.assetcatalog; path = Icon.xcassets; sourceTree = "<group>"; };
/* End PBXFileReference section */

/* Begin PBXFrameworksBuildPhase section */
		8A5198EE231ECA6A0053FED4 /* Frameworks */ = {
			isa = PBXFrameworksBuildPhase;
			buildActionMask = 2147483647;
			files = (
			);
			runOnlyForDeploymentPostprocessing = 0;
		};
/* End PBXFrameworksBuildPhase section */

/* Begin PBXGroup section */
		8A5198E8231ECA690053FED4 = {
			isa = PBXGroup;
			children = (
				8A5198F3231ECA6A0053FED4 /* swiftui-design-system-demo */,
				8A5198F2231ECA6A0053FED4 /* Products */,
			);
			sourceTree = "<group>";
		};
		8A5198F2231ECA6A0053FED4 /* Products */ = {
			isa = PBXGroup;
			children = (
				8A5198F1231ECA6A0053FED4 /* swiftui-design-system-demo.app */,
			);
			name = Products;
			sourceTree = "<group>";
		};
		8A5198F3231ECA6A0053FED4 /* swiftui-design-system-demo */ = {
			isa = PBXGroup;
			children = (
				8A519913231FFA680053FED4 /* Helper */,
				8A519909231F0A170053FED4 /* Component */,
				8A519908231F0A020053FED4 /* DesignSystem */,
				8A5198F4231ECA6A0053FED4 /* AppDelegate.swift */,
				8A5198F6231ECA6A0053FED4 /* SceneDelegate.swift */,
				8A5198F8231ECA6A0053FED4 /* ContentView.swift */,
				8A5198FA231ECA6A0053FED4 /* Assets.xcassets */,
				8A5198FF231ECA6B0053FED4 /* LaunchScreen.storyboard */,
				8A519902231ECA6B0053FED4 /* Info.plist */,
				8A5198FC231ECA6A0053FED4 /* Preview Content */,
			);
			path = "swiftui-design-system-demo";
			sourceTree = "<group>";
		};
		8A5198FC231ECA6A0053FED4 /* Preview Content */ = {
			isa = PBXGroup;
			children = (
				8A5198FD231ECA6A0053FED4 /* Preview Assets.xcassets */,
			);
			path = "Preview Content";
			sourceTree = "<group>";
		};
		8A519908231F0A020053FED4 /* DesignSystem */ = {
			isa = PBXGroup;
			children = (
				8A51990A231F0A1F0053FED4 /* Assets */,
				8A51990B231F0A360053FED4 /* Typography.swift */,
				8A51990F231F29990053FED4 /* ColorPalatte.swift */,
			);
			path = DesignSystem;
			sourceTree = "<group>";
		};
		8A519909231F0A170053FED4 /* Component */ = {
			isa = PBXGroup;
			children = (
				8A519911231FF0A30053FED4 /* Button.swift */,
			);
			path = Component;
			sourceTree = "<group>";
		};
		8A51990A231F0A1F0053FED4 /* Assets */ = {
			isa = PBXGroup;
			children = (
				8A51990D231F28710053FED4 /* ColorPalette.xcassets */,
				8A519916231FFEDC0053FED4 /* CircleIcon.xcassets */,
				8A519918231FFFD80053FED4 /* Icon.xcassets */,
			);
			path = Assets;
			sourceTree = "<group>";
		};
		8A519913231FFA680053FED4 /* Helper */ = {
			isa = PBXGroup;
			children = (
				8A519914231FFA7A0053FED4 /* AliasHelper.swift */,
			);
			path = Helper;
			sourceTree = "<group>";
		};
/* End PBXGroup section */

/* Begin PBXNativeTarget section */
		8A5198F0231ECA6A0053FED4 /* swiftui-design-system-demo */ = {
			isa = PBXNativeTarget;
			buildConfigurationList = 8A519905231ECA6B0053FED4 /* Build configuration list for PBXNativeTarget "swiftui-design-system-demo" */;
			buildPhases = (
				8A5198ED231ECA6A0053FED4 /* Sources */,
				8A5198EE231ECA6A0053FED4 /* Frameworks */,
				8A5198EF231ECA6A0053FED4 /* Resources */,
			);
			buildRules = (
			);
			dependencies = (
			);
			name = "swiftui-design-system-demo";
			productName = "swiftui-design-system-demo";
			productReference = 8A5198F1231ECA6A0053FED4 /* swiftui-design-system-demo.app */;
			productType = "com.apple.product-type.application";
		};
/* End PBXNativeTarget section */

/* Begin PBXProject section */
		8A5198E9231ECA690053FED4 /* Project object */ = {
			isa = PBXProject;
			attributes = {
				LastSwiftUpdateCheck = 1100;
				LastUpgradeCheck = 1100;
				ORGANIZATIONNAME = vinceshao;
				TargetAttributes = {
					8A5198F0231ECA6A0053FED4 = {
						CreatedOnToolsVersion = 11.0;
					};
				};
			};
			buildConfigurationList = 8A5198EC231ECA690053FED4 /* Build configuration list for PBXProject "swiftui-design-system-demo" */;
			compatibilityVersion = "Xcode 9.3";
			developmentRegion = en;
			hasScannedForEncodings = 0;
			knownRegions = (
				en,
				Base,
			);
			mainGroup = 8A5198E8231ECA690053FED4;
			productRefGroup = 8A5198F2231ECA6A0053FED4 /* Products */;
			projectDirPath = "";
			projectRoot = "";
			targets = (
				8A5198F0231ECA6A0053FED4 /* swiftui-design-system-demo */,
			);
		};
/* End PBXProject section */

/* Begin PBXResourcesBuildPhase section */
		8A5198EF231ECA6A0053FED4 /* Resources */ = {
			isa = PBXResourcesBuildPhase;
			buildActionMask = 2147483647;
			files = (
				8A519919231FFFD80053FED4 /* Icon.xcassets in Resources */,
				8A519901231ECA6B0053FED4 /* LaunchScreen.storyboard in Resources */,
				8A519917231FFEDC0053FED4 /* CircleIcon.xcassets in Resources */,
				8A5198FE231ECA6B0053FED4 /* Preview Assets.xcassets in Resources */,
				8A5198FB231ECA6A0053FED4 /* Assets.xcassets in Resources */,
				8A51990E231F28710053FED4 /* ColorPalette.xcassets in Resources */,
			);
			runOnlyForDeploymentPostprocessing = 0;
		};
/* End PBXResourcesBuildPhase section */

/* Begin PBXSourcesBuildPhase section */
		8A5198ED231ECA6A0053FED4 /* Sources */ = {
			isa = PBXSourcesBuildPhase;
			buildActionMask = 2147483647;
			files = (
				8A5198F5231ECA6A0053FED4 /* AppDelegate.swift in Sources */,
				8A519912231FF0A30053FED4 /* Button.swift in Sources */,
				8A5198F7231ECA6A0053FED4 /* SceneDelegate.swift in Sources */,
				8A51990C231F0A360053FED4 /* Typography.swift in Sources */,
				8A519915231FFA7A0053FED4 /* AliasHelper.swift in Sources */,
				8A519910231F29990053FED4 /* ColorPalatte.swift in Sources */,
				8A5198F9231ECA6A0053FED4 /* ContentView.swift in Sources */,
			);
			runOnlyForDeploymentPostprocessing = 0;
		};
/* End PBXSourcesBuildPhase section */

/* Begin PBXVariantGroup section */
		8A5198FF231ECA6B0053FED4 /* LaunchScreen.storyboard */ = {
			isa = PBXVariantGroup;
			children = (
				8A519900231ECA6B0053FED4 /* Base */,
			);
			name = LaunchScreen.storyboard;
			sourceTree = "<group>";
		};
/* End PBXVariantGroup section */

/* Begin XCBuildConfiguration section */
		8A519903231ECA6B0053FED4 /* Debug */ = {
			isa = XCBuildConfiguration;
			buildSettings = {
				ALWAYS_SEARCH_USER_PATHS = NO;
				CLANG_ANALYZER_NONNULL = YES;
				CLANG_ANALYZER_NUMBER_OBJECT_CONVERSION = YES_AGGRESSIVE;
				CLANG_CXX_LANGUAGE_STANDARD = "gnu++14";
				CLANG_CXX_LIBRARY = "libc++";
				CLANG_ENABLE_MODULES = YES;
				CLANG_ENABLE_OBJC_ARC = YES;
				CLANG_ENABLE_OBJC_WEAK = YES;
				CLANG_WARN_BLOCK_CAPTURE_AUTORELEASING = YES;
				CLANG_WARN_BOOL_CONVERSION = YES;
				CLANG_WARN_COMMA = YES;
				CLANG_WARN_CONSTANT_CONVERSION = YES;
				CLANG_WARN_DEPRECATED_OBJC_IMPLEMENTATIONS = YES;
				CLANG_WARN_DIRECT_OBJC_ISA_USAGE = YES_ERROR;
				CLANG_WARN_DOCUMENTATION_COMMENTS = YES;
				CLANG_WARN_EMPTY_BODY = YES;
				CLANG_WARN_ENUM_CONVERSION = YES;
				CLANG_WARN_INFINITE_RECURSION = YES;
				CLANG_WARN_INT_CONVERSION = YES;
				CLANG_WARN_NON_LITERAL_NULL_CONVERSION = YES;
				CLANG_WARN_OBJC_IMPLICIT_RETAIN_SELF = YES;
				CLANG_WARN_OBJC_LITERAL_CONVERSION = YES;
				CLANG_WARN_OBJC_ROOT_CLASS = YES_ERROR;
				CLANG_WARN_RANGE_LOOP_ANALYSIS = YES;
				CLANG_WARN_STRICT_PROTOTYPES = YES;
				CLANG_WARN_SUSPICIOUS_MOVE = YES;
				CLANG_WARN_UNGUARDED_AVAILABILITY = YES_AGGRESSIVE;
				CLANG_WARN_UNREACHABLE_CODE = YES;
				CLANG_WARN__DUPLICATE_METHOD_MATCH = YES;
				COPY_PHASE_STRIP = NO;
				DEBUG_INFORMATION_FORMAT = dwarf;
				ENABLE_STRICT_OBJC_MSGSEND = YES;
				ENABLE_TESTABILITY = YES;
				GCC_C_LANGUAGE_STANDARD = gnu11;
				GCC_DYNAMIC_NO_PIC = NO;
				GCC_NO_COMMON_BLOCKS = YES;
				GCC_OPTIMIZATION_LEVEL = 0;
				GCC_PREPROCESSOR_DEFINITIONS = (
					"DEBUG=1",
					"$(inherited)",
				);
				GCC_WARN_64_TO_32_BIT_CONVERSION = YES;
				GCC_WARN_ABOUT_RETURN_TYPE = YES_ERROR;
				GCC_WARN_UNDECLARED_SELECTOR = YES;
				GCC_WARN_UNINITIALIZED_AUTOS = YES_AGGRESSIVE;
				GCC_WARN_UNUSED_FUNCTION = YES;
				GCC_WARN_UNUSED_VARIABLE = YES;
				IPHONEOS_DEPLOYMENT_TARGET = 13.0;
				MTL_ENABLE_DEBUG_INFO = INCLUDE_SOURCE;
				MTL_FAST_MATH = YES;
				ONLY_ACTIVE_ARCH = YES;
				SDKROOT = iphoneos;
				SWIFT_ACTIVE_COMPILATION_CONDITIONS = DEBUG;
				SWIFT_OPTIMIZATION_LEVEL = "-Onone";
			};
			name = Debug;
		};
		8A519904231ECA6B0053FED4 /* Release */ = {
			isa = XCBuildConfiguration;
			buildSettings = {
				ALWAYS_SEARCH_USER_PATHS = NO;
				CLANG_ANALYZER_NONNULL = YES;
				CLANG_ANALYZER_NUMBER_OBJECT_CONVERSION = YES_AGGRESSIVE;
				CLANG_CXX_LANGUAGE_STANDARD = "gnu++14";
				CLANG_CXX_LIBRARY = "libc++";
				CLANG_ENABLE_MODULES = YES;
				CLANG_ENABLE_OBJC_ARC = YES;
				CLANG_ENABLE_OBJC_WEAK = YES;
				CLANG_WARN_BLOCK_CAPTURE_AUTORELEASING = YES;
				CLANG_WARN_BOOL_CONVERSION = YES;
				CLANG_WARN_COMMA = YES;
				CLANG_WARN_CONSTANT_CONVERSION = YES;
				CLANG_WARN_DEPRECATED_OBJC_IMPLEMENTATIONS = YES;
				CLANG_WARN_DIRECT_OBJC_ISA_USAGE = YES_ERROR;
				CLANG_WARN_DOCUMENTATION_COMMENTS = YES;
				CLANG_WARN_EMPTY_BODY = YES;
				CLANG_WARN_ENUM_CONVERSION = YES;
				CLANG_WARN_INFINITE_RECURSION = YES;
				CLANG_WARN_INT_CONVERSION = YES;
				CLANG_WARN_NON_LITERAL_NULL_CONVERSION = YES;
				CLANG_WARN_OBJC_IMPLICIT_RETAIN_SELF = YES;
				CLANG_WARN_OBJC_LITERAL_CONVERSION = YES;
				CLANG_WARN_OBJC_ROOT_CLASS = YES_ERROR;
				CLANG_WARN_RANGE_LOOP_ANALYSIS = YES;
				CLANG_WARN_STRICT_PROTOTYPES = YES;
				CLANG_WARN_SUSPICIOUS_MOVE = YES;
				CLANG_WARN_UNGUARDED_AVAILABILITY = YES_AGGRESSIVE;
				CLANG_WARN_UNREACHABLE_CODE = YES;
				CLANG_WARN__DUPLICATE_METHOD_MATCH = YES;
				COPY_PHASE_STRIP = NO;
				DEBUG_INFORMATION_FORMAT = "dwarf-with-dsym";
				ENABLE_NS_ASSERTIONS = NO;
				ENABLE_STRICT_OBJC_MSGSEND = YES;
				GCC_C_LANGUAGE_STANDARD = gnu11;
				GCC_NO_COMMON_BLOCKS = YES;
				GCC_WARN_64_TO_32_BIT_CONVERSION = YES;
				GCC_WARN_ABOUT_RETURN_TYPE = YES_ERROR;
				GCC_WARN_UNDECLARED_SELECTOR = YES;
				GCC_WARN_UNINITIALIZED_AUTOS = YES_AGGRESSIVE;
				GCC_WARN_UNUSED_FUNCTION = YES;
				GCC_WARN_UNUSED_VARIABLE = YES;
				IPHONEOS_DEPLOYMENT_TARGET = 13.0;
				MTL_ENABLE_DEBUG_INFO = NO;
				MTL_FAST_MATH = YES;
				SDKROOT = iphoneos;
				SWIFT_COMPILATION_MODE = wholemodule;
				SWIFT_OPTIMIZATION_LEVEL = "-O";
				VALIDATE_PRODUCT = YES;
			};
			name = Release;
		};
		8A519906231ECA6B0053FED4 /* Debug */ = {
			isa = XCBuildConfiguration;
			buildSettings = {
				ASSETCATALOG_COMPILER_APPICON_NAME = AppIcon;
				CODE_SIGN_STYLE = Automatic;
				DEVELOPMENT_ASSET_PATHS = "swiftui-design-system-demo/Preview\\ Content";
				DEVELOPMENT_TEAM = Z22M485WLJ;
				ENABLE_PREVIEWS = YES;
				INFOPLIST_FILE = "swiftui-design-system-demo/Info.plist";
				LD_RUNPATH_SEARCH_PATHS = (
					"$(inherited)",
					"@executable_path/Frameworks",
				);
				PRODUCT_BUNDLE_IDENTIFIER = "com.vinceshao.swiftui-design-system-demo";
				PRODUCT_NAME = "$(TARGET_NAME)";
				SWIFT_VERSION = 5.0;
				TARGETED_DEVICE_FAMILY = "1,2";
			};
			name = Debug;
		};
		8A519907231ECA6B0053FED4 /* Release */ = {
			isa = XCBuildConfiguration;
			buildSettings = {
				ASSETCATALOG_COMPILER_APPICON_NAME = AppIcon;
				CODE_SIGN_STYLE = Automatic;
				DEVELOPMENT_ASSET_PATHS = "swiftui-design-system-demo/Preview\\ Content";
				DEVELOPMENT_TEAM = Z22M485WLJ;
				ENABLE_PREVIEWS = YES;
				INFOPLIST_FILE = "swiftui-design-system-demo/Info.plist";
				LD_RUNPATH_SEARCH_PATHS = (
					"$(inherited)",
					"@executable_path/Frameworks",
				);
				PRODUCT_BUNDLE_IDENTIFIER = "com.vinceshao.swiftui-design-system-demo";
				PRODUCT_NAME = "$(TARGET_NAME)";
				SWIFT_VERSION = 5.0;
				TARGETED_DEVICE_FAMILY = "1,2";
			};
			name = Release;
		};
/* End XCBuildConfiguration section */

/* Begin XCConfigurationList section */
		8A5198EC231ECA690053FED4 /* Build configuration list for PBXProject "swiftui-design-system-demo" */ = {
			isa = XCConfigurationList;
			buildConfigurations = (
				8A519903231ECA6B0053FED4 /* Debug */,
				8A519904231ECA6B0053FED4 /* Release */,
			);
			defaultConfigurationIsVisible = 0;
			defaultConfigurationName = Release;
		};
		8A519905231ECA6B0053FED4 /* Build configuration list for PBXNativeTarget "swiftui-design-system-demo" */ = {
			isa = XCConfigurationList;
			buildConfigurations = (
				8A519906231ECA6B0053FED4 /* Debug */,
				8A519907231ECA6B0053FED4 /* Release */,
			);
			defaultConfigurationIsVisible = 0;
			defaultConfigurationName = Release;
		};
/* End XCConfigurationList section */
	};
	rootObject = 8A5198E9231ECA690053FED4 /* Project object */;
}
